Microsoft Visual Studio Solution File, Format Version 12.00
# Visual Studio 2012
Project("{FAE04EC0-301F-11D3-BF4B-00C04F79EFBC}") = "2D_TopDown", "2D_TopDown.csproj", "{271EBD1F-8B58-41B4-8EFF-316C8EAE3B3F}"
EndProject
Global
	GlobalSection(SolutionConfigurationPlatforms) = preSolution
	Debug|Any CPU = Debug|Any CPU
	ExportDebug|Any CPU = ExportDebug|Any CPU
	ExportRelease|Any CPU = ExportRelease|Any CPU
	EndGlobalSection
	GlobalSection(ProjectConfigurationPlatforms) = postSolution
		{271EBD1F-8B58-41B4-8EFF-316C8EAE3B3F}.Debug|Any CPU.ActiveCfg = Debug|Any CPU
		{271EBD1F-8B58-41B4-8EFF-316C8EAE3B3F}.Debug|Any CPU.Build.0 = Debug|Any CPU
		{271EBD1F-8B58-41B4-8EFF-316C8EAE3B3F}.ExportDebug|Any CPU.ActiveCfg = ExportDebug|Any CPU
		{271EBD1F-8B58-41B4-8EFF-316C8EAE3B3F}.ExportDebug|Any CPU.Build.0 = ExportDebug|Any CPU
		{271EBD1F-8B58-41B4-8EFF-316C8EAE3B3F}.ExportRelease|Any CPU.ActiveCfg = ExportRelease|Any CPU
		{271EBD1F-8B58-41B4-8EFF-316C8EAE3B3F}.ExportRelease|Any CPU.Build.0 = ExportRelease|Any CPU
	EndGlobalSection
EndGlobal
